
Microsoft Visual Studio Solution File, Format Version 12.00
# Visual Studio Version 17
VisualStudioVersion = 17.6.33829.357
MinimumVisualStudioVersion = 10.0.40219.1
Project("{FAE04EC0-301F-11D3-BF4B-00C04F79EFBC}") = "Scarabeo", "Scarabeo\Scarabeo.csproj", "{C5D5D43C-77CC-48F5-8AAA-F8968DF5888B}"
EndProject
Global
	GlobalSection(SolutionConfigurationPlatforms) = preSolution
		Debug|Any CPU = Debug|Any CPU
		Release|Any CPU = Release|Any CPU
	EndGlobalSection
	GlobalSection(ProjectConfigurationPlatforms) = postSolution
		{C5D5D43C-77CC-48F5-8AAA-F8968DF5888B}.Debug|Any CPU.ActiveCfg = Debug|Any CPU
		{C5D5D43C-77CC-48F5-8AAA-F8968DF5888B}.Debug|Any CPU.Build.0 = Debug|Any CPU
		{C5D5D43C-77CC-48F5-8AAA-F8968DF5888B}.Release|Any CPU.ActiveCfg = Release|Any CPU
		{C5D5D43C-77CC-48F5-8AAA-F8968DF5888B}.Release|Any CPU.Build.0 = Release|Any CPU
	EndGlobalSection
	GlobalSection(SolutionProperties) = preSolution
		HideSolutionNode = FALSE
	EndGlobalSection
	GlobalSection(ExtensibilityGlobals) = postSolution
		SolutionGuid = {8D3DAD13-00CA-441A-9C09-F2C6951EEFA2}
	EndGlobalSection
EndGlobal
