
Microsoft Visual Studio Solution File, Format Version 12.00
# Visual Studio Version 17
VisualStudioVersion = 17.6.33829.357
MinimumVisualStudioVersion = 10.0.40219.1
Project("{FAE04EC0-301F-11D3-BF4B-00C04F79EFBC}") = "Grafi", "Grafi\Grafi.csproj", "{5745BBC3-13CB-404F-9A1F-381DC823AA0A}"
EndProject
Global
	GlobalSection(SolutionConfigurationPlatforms) = preSolution
		Debug|Any CPU = Debug|Any CPU
		Release|Any CPU = Release|Any CPU
	EndGlobalSection
	GlobalSection(ProjectConfigurationPlatforms) = postSolution
		{5745BBC3-13CB-404F-9A1F-381DC823AA0A}.Debug|Any CPU.ActiveCfg = Debug|Any CPU
		{5745BBC3-13CB-404F-9A1F-381DC823AA0A}.Debug|Any CPU.Build.0 = Debug|Any CPU
		{5745BBC3-13CB-404F-9A1F-381DC823AA0A}.Release|Any CPU.ActiveCfg = Release|Any CPU
		{5745BBC3-13CB-404F-9A1F-381DC823AA0A}.Release|Any CPU.Build.0 = Release|Any CPU
	EndGlobalSection
	GlobalSection(SolutionProperties) = preSolution
		HideSolutionNode = FALSE
	EndGlobalSection
	GlobalSection(ExtensibilityGlobals) = postSolution
		SolutionGuid = {4148817C-2932-420E-A0B8-11B65FA8D188}
	EndGlobalSection
EndGlobal
