
Microsoft Visual Studio Solution File, Format Version 12.00
# Visual Studio Version 17
VisualStudioVersion = 17.6.33829.357
MinimumVisualStudioVersion = 10.0.40219.1
Project("{FAE04EC0-301F-11D3-BF4B-00C04F79EFBC}") = "Trie", "Trie\Trie.csproj", "{3C25E378-88C3-4D2F-8089-F42BDA75A704}"
EndProject
Global
	GlobalSection(SolutionConfigurationPlatforms) = preSolution
		Debug|Any CPU = Debug|Any CPU
		Release|Any CPU = Release|Any CPU
	EndGlobalSection
	GlobalSection(ProjectConfigurationPlatforms) = postSolution
		{3C25E378-88C3-4D2F-8089-F42BDA75A704}.Debug|Any CPU.ActiveCfg = Debug|Any CPU
		{3C25E378-88C3-4D2F-8089-F42BDA75A704}.Debug|Any CPU.Build.0 = Debug|Any CPU
		{3C25E378-88C3-4D2F-8089-F42BDA75A704}.Release|Any CPU.ActiveCfg = Release|Any CPU
		{3C25E378-88C3-4D2F-8089-F42BDA75A704}.Release|Any CPU.Build.0 = Release|Any CPU
	EndGlobalSection
	GlobalSection(SolutionProperties) = preSolution
		HideSolutionNode = FALSE
	EndGlobalSection
	GlobalSection(ExtensibilityGlobals) = postSolution
		SolutionGuid = {0CDC1A2F-DA05-4DD5-B567-C992190F8899}
	EndGlobalSection
EndGlobal
